
Microsoft Visual Studio Solution File, Format Version 12.00
# Visual Studio 14
VisualStudioVersion = 14.0.24720.0
MinimumVisualStudioVersion = 10.0.40219.1
Project("{FAE04EC0-301F-11D3-BF4B-00C04F79EFBC}") = "ComboBox控件", "ComboBox控件\ComboBox控件.csproj", "{67E7745B-E6EC-42AE-83D3-0A158E371159}"
EndProject
Global
	GlobalSection(SolutionConfigurationPlatforms) = preSolution
		Debug|Any CPU = Debug|Any CPU
		Release|Any CPU = Release|Any CPU
	EndGlobalSection
	GlobalSection(ProjectConfigurationPlatforms) = postSolution
		{67E7745B-E6EC-42AE-83D3-0A158E371159}.Debug|Any CPU.ActiveCfg = Debug|Any CPU
		{67E7745B-E6EC-42AE-83D3-0A158E371159}.Debug|Any CPU.Build.0 = Debug|Any CPU
		{67E7745B-E6EC-42AE-83D3-0A158E371159}.Release|Any CPU.ActiveCfg = Release|Any CPU
		{67E7745B-E6EC-42AE-83D3-0A158E371159}.Release|Any CPU.Build.0 = Release|Any CPU
	EndGlobalSection
	GlobalSection(SolutionProperties) = preSolution
		HideSolutionNode = FALSE
	EndGlobalSection
EndGlobal
