
Microsoft Visual Studio Solution File, Format Version 12.00
# Visual Studio 14
VisualStudioVersion = 14.0.24720.0
MinimumVisualStudioVersion = 10.0.40219.1
Project("{FAE04EC0-301F-11D3-BF4B-00C04F79EFBC}") = "窗体间的传值", "窗体间的传值\窗体间的传值.csproj", "{EB3447AA-2B49-4698-B0C4-FBE2F65A46FC}"
EndProject
Global
	GlobalSection(SolutionConfigurationPlatforms) = preSolution
		Debug|Any CPU = Debug|Any CPU
		Release|Any CPU = Release|Any CPU
	EndGlobalSection
	GlobalSection(ProjectConfigurationPlatforms) = postSolution
		{EB3447AA-2B49-4698-B0C4-FBE2F65A46FC}.Debug|Any CPU.ActiveCfg = Debug|Any CPU
		{EB3447AA-2B49-4698-B0C4-FBE2F65A46FC}.Debug|Any CPU.Build.0 = Debug|Any CPU
		{EB3447AA-2B49-4698-B0C4-FBE2F65A46FC}.Release|Any CPU.ActiveCfg = Release|Any CPU
		{EB3447AA-2B49-4698-B0C4-FBE2F65A46FC}.Release|Any CPU.Build.0 = Release|Any CPU
	EndGlobalSection
	GlobalSection(SolutionProperties) = preSolution
		HideSolutionNode = FALSE
	EndGlobalSection
EndGlobal
