
Microsoft Visual Studio Solution File, Format Version 12.00
# Visual Studio 14
VisualStudioVersion = 14.0.24720.0
MinimumVisualStudioVersion = 10.0.40219.1
Project("{FAE04EC0-301F-11D3-BF4B-00C04F79EFBC}") = "foreach循环", "foreach循环\foreach循环.csproj", "{0F52FC2D-2AE7-455D-A9EA-5D4F0785991B}"
EndProject
Global
	GlobalSection(SolutionConfigurationPlatforms) = preSolution
		Debug|Any CPU = Debug|Any CPU
		Release|Any CPU = Release|Any CPU
	EndGlobalSection
	GlobalSection(ProjectConfigurationPlatforms) = postSolution
		{0F52FC2D-2AE7-455D-A9EA-5D4F0785991B}.Debug|Any CPU.ActiveCfg = Debug|Any CPU
		{0F52FC2D-2AE7-455D-A9EA-5D4F0785991B}.Debug|Any CPU.Build.0 = Debug|Any CPU
		{0F52FC2D-2AE7-455D-A9EA-5D4F0785991B}.Release|Any CPU.ActiveCfg = Release|Any CPU
		{0F52FC2D-2AE7-455D-A9EA-5D4F0785991B}.Release|Any CPU.Build.0 = Release|Any CPU
	EndGlobalSection
	GlobalSection(SolutionProperties) = preSolution
		HideSolutionNode = FALSE
	EndGlobalSection
EndGlobal
